
Microsoft Visual Studio Solution File, Format Version 12.00
# Visual Studio Version 16
VisualStudioVersion = 16.0.31005.135
MinimumVisualStudioVersion = 10.0.40219.1
Project("{FAE04EC0-301F-11D3-BF4B-00C04F79EFBC}") = "PeopleAPI", "PeopleAPI\PeopleAPI.csproj", "{C48C2327-8E7E-4BC9-918E-5172EAC3D488}"
EndProject
Global
	GlobalSection(SolutionConfigurationPlatforms) = preSolution
		Debug|Any CPU = Debug|Any CPU
		Release|Any CPU = Release|Any CPU
	EndGlobalSection
	GlobalSection(ProjectConfigurationPlatforms) = postSolution
		{C48C2327-8E7E-4BC9-918E-5172EAC3D488}.Debug|Any CPU.ActiveCfg = Debug|Any CPU
		{C48C2327-8E7E-4BC9-918E-5172EAC3D488}.Debug|Any CPU.Build.0 = Debug|Any CPU
		{C48C2327-8E7E-4BC9-918E-5172EAC3D488}.Release|Any CPU.ActiveCfg = Release|Any CPU
		{C48C2327-8E7E-4BC9-918E-5172EAC3D488}.Release|Any CPU.Build.0 = Release|Any CPU
	EndGlobalSection
	GlobalSection(SolutionProperties) = preSolution
		HideSolutionNode = FALSE
	EndGlobalSection
	GlobalSection(ExtensibilityGlobals) = postSolution
		SolutionGuid = {0B6DA8D4-2CD6-4B5D-BAB3-87A95BF706C2}
	EndGlobalSection
EndGlobal
